# This file is automatically @generated by Cargo.
# It is not intended for manual editing.
[[package]]
name = "ezmid"
version = "0.0.0"
dependencies = [
 "midly",
]

[[package]]
name = "midly"
version = "0.5.1"
source = "registry+https://github.com/rust-lang/crates.io-index"
checksum = "cba5d86cecbe6d32ce048b29dd9cf5c83b941a0ede95b531687410c26b517577"
